
Microsoft Visual Studio Solution File, Format Version 12.00
# Visual Studio 15
VisualStudioVersion = 15.0.27130.2010
MinimumVisualStudioVersion = 10.0.40219.1
Project("{FAE04EC0-301F-11D3-BF4B-00C04F79EFBC}") = "SMSServer", "SMSServer\SMSServer.csproj", "{38859261-BFAE-4172-AF19-A7924897C086}"
EndProject
Global
	GlobalSection(SolutionConfigurationPlatforms) = preSolution
		Debug|Any CPU = Debug|Any CPU
		Release|Any CPU = Release|Any CPU
	EndGlobalSection
	GlobalSection(ProjectConfigurationPlatforms) = postSolution
		{38859261-BFAE-4172-AF19-A7924897C086}.Debug|Any CPU.ActiveCfg = Debug|Any CPU
		{38859261-BFAE-4172-AF19-A7924897C086}.Debug|Any CPU.Build.0 = Debug|Any CPU
		{38859261-BFAE-4172-AF19-A7924897C086}.Release|Any CPU.ActiveCfg = Release|Any CPU
		{38859261-BFAE-4172-AF19-A7924897C086}.Release|Any CPU.Build.0 = Release|Any CPU
	EndGlobalSection
	GlobalSection(SolutionProperties) = preSolution
		HideSolutionNode = FALSE
	EndGlobalSection
	GlobalSection(ExtensibilityGlobals) = postSolution
		SolutionGuid = {3027659D-5C90-467D-9B7B-AD7B3D37F835}
	EndGlobalSection
EndGlobal
